// !$*UTF8*$!
{
	archiveVersion = 1;
	classes = {
	};
	objectVersion = 56;
	objects = {

/* Begin PBXBuildFile section */
		681043CF2C590AF600FE354C /* AppDelegate.swift in Sources */ = {isa = PBXBuildFile; fileRef = 681043CE2C590AF600FE354C /* AppDelegate.swift */; };
		681043D12C590AF600FE354C /* SceneDelegate.swift in Sources */ = {isa = PBXBuildFile; fileRef = 681043D02C590AF600FE354C /* SceneDelegate.swift */; };
		681043D32C590AF600FE354C /* RxCocoaBasicViewController.swift in Sources */ = {isa = PBXBuildFile; fileRef = 681043D22C590AF600FE354C /* RxCocoaBasicViewController.swift */; };
		681043D82C590AF700FE354C /* Assets.xcassets in Resources */ = {isa = PBXBuildFile; fileRef = 681043D72C590AF700FE354C /* Assets.xcassets */; };
		681043DB2C590AF700FE354C /* Base in Resources */ = {isa = PBXBuildFile; fileRef = 681043DA2C590AF700FE354C /* Base */; };
		681043E42C59355500FE354C /* RxCocoa in Frameworks */ = {isa = PBXBuildFile; productRef = 681043E32C59355500FE354C /* RxCocoa */; };
		681043E62C59355500FE354C /* RxSwift in Frameworks */ = {isa = PBXBuildFile; productRef = 681043E52C59355500FE354C /* RxSwift */; };
		681043E92C59357E00FE354C /* SnapKit in Frameworks */ = {isa = PBXBuildFile; productRef = 681043E82C59357E00FE354C /* SnapKit */; };
		681043EB2C5938CF00FE354C /* ViewRepresentable.swift in Sources */ = {isa = PBXBuildFile; fileRef = 681043EA2C5938CF00FE354C /* ViewRepresentable.swift */; };
		681043ED2C59396400FE354C /* View+.swift in Sources */ = {isa = PBXBuildFile; fileRef = 681043EC2C59396400FE354C /* View+.swift */; };
		681043F22C59490B00FE354C /* ViewController+.swift in Sources */ = {isa = PBXBuildFile; fileRef = 681043F12C59490B00FE354C /* ViewController+.swift */; };
		688A2CE82C594C4800B88198 /* ObservableExampleViewController.swift in Sources */ = {isa = PBXBuildFile; fileRef = 688A2CE72C594C4800B88198 /* ObservableExampleViewController.swift */; };
		688A2CEE2C5A5DBA00B88198 /* AddingNumbersViewController.swift in Sources */ = {isa = PBXBuildFile; fileRef = 688A2CED2C5A5DBA00B88198 /* AddingNumbersViewController.swift */; };
		688A2CF02C5A6B0300B88198 /* ValidationViewController.swift in Sources */ = {isa = PBXBuildFile; fileRef = 688A2CEF2C5A6B0300B88198 /* ValidationViewController.swift */; };
/* End PBXBuildFile section */

/* Begin PBXFileReference section */
		681043CB2C590AF600FE354C /* PracticeRxSwift.app */ = {isa = PBXFileReference; explicitFileType = wrapper.application; includeInIndex = 0; path = PracticeRxSwift.app; sourceTree = BUILT_PRODUCTS_DIR; };
		681043CE2C590AF600FE354C /* AppDelegate.swift */ = {isa = PBXFileReference; lastKnownFileType = sourcecode.swift; path = AppDelegate.swift; sourceTree = "<group>"; };
		681043D02C590AF600FE354C /* SceneDelegate.swift */ = {isa = PBXFileReference; lastKnownFileType = sourcecode.swift; path = SceneDelegate.swift; sourceTree = "<group>"; };
		681043D22C590AF600FE354C /* RxCocoaBasicViewController.swift */ = {isa = PBXFileReference; lastKnownFileType = sourcecode.swift; path = RxCocoaBasicViewController.swift; sourceTree = "<group>"; };
		681043D72C590AF700FE354C /* Assets.xcassets */ = {isa = PBXFileReference; lastKnownFileType = folder.assetcatalog; path = Assets.xcassets; sourceTree = "<group>"; };
		681043DA2C590AF700FE354C /* Base */ = {isa = PBXFileReference; lastKnownFileType = file.storyboard; name = Base; path = Base.lproj/LaunchScreen.storyboard; sourceTree = "<group>"; };
		681043DC2C590AF700FE354C /* Info.plist */ = {isa = PBXFileReference; lastKnownFileType = text.plist.xml; path = Info.plist; sourceTree = "<group>"; };
		681043EA2C5938CF00FE354C /* ViewRepresentable.swift */ = {isa = PBXFileReference; lastKnownFileType = sourcecode.swift; path = ViewRepresentable.swift; sourceTree = "<group>"; };
		681043EC2C59396400FE354C /* View+.swift */ = {isa = PBXFileReference; lastKnownFileType = sourcecode.swift; path = "View+.swift"; sourceTree = "<group>"; };
		681043F12C59490B00FE354C /* ViewController+.swift */ = {isa = PBXFileReference; lastKnownFileType = sourcecode.swift; path = "ViewController+.swift"; sourceTree = "<group>"; };
		688A2CE72C594C4800B88198 /* ObservableExampleViewController.swift */ = {isa = PBXFileReference; lastKnownFileType = sourcecode.swift; path = ObservableExampleViewController.swift; sourceTree = "<group>"; };
		688A2CED2C5A5DBA00B88198 /* AddingNumbersViewController.swift */ = {isa = PBXFileReference; lastKnownFileType = sourcecode.swift; path = AddingNumbersViewController.swift; sourceTree = "<group>"; };
		688A2CEF2C5A6B0300B88198 /* ValidationViewController.swift */ = {isa = PBXFileReference; lastKnownFileType = sourcecode.swift; path = ValidationViewController.swift; sourceTree = "<group>"; };
/* End PBXFileReference section */

/* Begin PBXFrameworksBuildPhase section */
		681043C82C590AF600FE354C /* Frameworks */ = {
			isa = PBXFrameworksBuildPhase;
			buildActionMask = 2147483647;
			files = (
				681043E92C59357E00FE354C /* SnapKit in Frameworks */,
				681043E62C59355500FE354C /* RxSwift in Frameworks */,
				681043E42C59355500FE354C /* RxCocoa in Frameworks */,
			);
			runOnlyForDeploymentPostprocessing = 0;
		};
/* End PBXFrameworksBuildPhase section */

/* Begin PBXGroup section */
		681043C22C590AF600FE354C = {
			isa = PBXGroup;
			children = (
				681043CD2C590AF600FE354C /* PracticeRxSwift */,
				681043CC2C590AF600FE354C /* Products */,
			);
			sourceTree = "<group>";
		};
		681043CC2C590AF600FE354C /* Products */ = {
			isa = PBXGroup;
			children = (
				681043CB2C590AF600FE354C /* PracticeRxSwift.app */,
			);
			name = Products;
			sourceTree = "<group>";
		};
		681043CD2C590AF600FE354C /* PracticeRxSwift */ = {
			isa = PBXGroup;
			children = (
				681043CE2C590AF600FE354C /* AppDelegate.swift */,
				681043D02C590AF600FE354C /* SceneDelegate.swift */,
				681043D72C590AF700FE354C /* Assets.xcassets */,
				681043D92C590AF700FE354C /* LaunchScreen.storyboard */,
				681043F02C593A8200FE354C /* Protocol */,
				681043EF2C593A6800FE354C /* Extension */,
				681043EE2C593A5500FE354C /* Controller */,
				681043DC2C590AF700FE354C /* Info.plist */,
			);
			path = PracticeRxSwift;
			sourceTree = "<group>";
		};
		681043EE2C593A5500FE354C /* Controller */ = {
			isa = PBXGroup;
			children = (
				681043D22C590AF600FE354C /* RxCocoaBasicViewController.swift */,
				688A2CE72C594C4800B88198 /* ObservableExampleViewController.swift */,
				688A2CED2C5A5DBA00B88198 /* AddingNumbersViewController.swift */,
				688A2CEF2C5A6B0300B88198 /* ValidationViewController.swift */,
			);
			path = Controller;
			sourceTree = "<group>";
		};
		681043EF2C593A6800FE354C /* Extension */ = {
			isa = PBXGroup;
			children = (
				681043EC2C59396400FE354C /* View+.swift */,
				681043F12C59490B00FE354C /* ViewController+.swift */,
			);
			path = Extension;
			sourceTree = "<group>";
		};
		681043F02C593A8200FE354C /* Protocol */ = {
			isa = PBXGroup;
			children = (
				681043EA2C5938CF00FE354C /* ViewRepresentable.swift */,
			);
			path = Protocol;
			sourceTree = "<group>";
		};
/* End PBXGroup section */

/* Begin PBXNativeTarget section */
		681043CA2C590AF600FE354C /* PracticeRxSwift */ = {
			isa = PBXNativeTarget;
			buildConfigurationList = 681043DF2C590AF700FE354C /* Build configuration list for PBXNativeTarget "PracticeRxSwift" */;
			buildPhases = (
				681043C72C590AF600FE354C /* Sources */,
				681043C82C590AF600FE354C /* Frameworks */,
				681043C92C590AF600FE354C /* Resources */,
			);
			buildRules = (
			);
			dependencies = (
			);
			name = PracticeRxSwift;
			packageProductDependencies = (
				681043E32C59355500FE354C /* RxCocoa */,
				681043E52C59355500FE354C /* RxSwift */,
				681043E82C59357E00FE354C /* SnapKit */,
			);
			productName = PracticeRxSwift;
			productReference = 681043CB2C590AF600FE354C /* PracticeRxSwift.app */;
			productType = "com.apple.product-type.application";
		};
/* End PBXNativeTarget section */

/* Begin PBXProject section */
		681043C32C590AF600FE354C /* Project object */ = {
			isa = PBXProject;
			attributes = {
				BuildIndependentTargetsInParallel = 1;
				LastSwiftUpdateCheck = 1540;
				LastUpgradeCheck = 1540;
				TargetAttributes = {
					681043CA2C590AF600FE354C = {
						CreatedOnToolsVersion = 15.4;
					};
				};
			};
			buildConfigurationList = 681043C62C590AF600FE354C /* Build configuration list for PBXProject "PracticeRxSwift" */;
			compatibilityVersion = "Xcode 14.0";
			developmentRegion = en;
			hasScannedForEncodings = 0;
			knownRegions = (
				en,
				Base,
			);
			mainGroup = 681043C22C590AF600FE354C;
			packageReferences = (
				681043E22C59355500FE354C /* XCRemoteSwiftPackageReference "RxSwift" */,
				681043E72C59357E00FE354C /* XCRemoteSwiftPackageReference "SnapKit" */,
			);
			productRefGroup = 681043CC2C590AF600FE354C /* Products */;
			projectDirPath = "";
			projectRoot = "";
			targets = (
				681043CA2C590AF600FE354C /* PracticeRxSwift */,
			);
		};
/* End PBXProject section */

/* Begin PBXResourcesBuildPhase section */
		681043C92C590AF600FE354C /* Resources */ = {
			isa = PBXResourcesBuildPhase;
			buildActionMask = 2147483647;
			files = (
				681043D82C590AF700FE354C /* Assets.xcassets in Resources */,
				681043DB2C590AF700FE354C /* Base in Resources */,
			);
			runOnlyForDeploymentPostprocessing = 0;
		};
/* End PBXResourcesBuildPhase section */

/* Begin PBXSourcesBuildPhase section */
		681043C72C590AF600FE354C /* Sources */ = {
			isa = PBXSourcesBuildPhase;
			buildActionMask = 2147483647;
			files = (
				688A2CE82C594C4800B88198 /* ObservableExampleViewController.swift in Sources */,
				688A2CF02C5A6B0300B88198 /* ValidationViewController.swift in Sources */,
				681043F22C59490B00FE354C /* ViewController+.swift in Sources */,
				688A2CEE2C5A5DBA00B88198 /* AddingNumbersViewController.swift in Sources */,
				681043D32C590AF600FE354C /* RxCocoaBasicViewController.swift in Sources */,
				681043EB2C5938CF00FE354C /* ViewRepresentable.swift in Sources */,
				681043CF2C590AF600FE354C /* AppDelegate.swift in Sources */,
				681043ED2C59396400FE354C /* View+.swift in Sources */,
				681043D12C590AF600FE354C /* SceneDelegate.swift in Sources */,
			);
			runOnlyForDeploymentPostprocessing = 0;
		};
/* End PBXSourcesBuildPhase section */

/* Begin PBXVariantGroup section */
		681043D92C590AF700FE354C /* LaunchScreen.storyboard */ = {
			isa = PBXVariantGroup;
			children = (
				681043DA2C590AF700FE354C /* Base */,
			);
			name = LaunchScreen.storyboard;
			sourceTree = "<group>";
		};
/* End PBXVariantGroup section */

/* Begin XCBuildConfiguration section */
		681043DD2C590AF700FE354C /* Debug */ = {
			isa = XCBuildConfiguration;
			buildSettings = {
				ALWAYS_SEARCH_USER_PATHS = NO;
				ASSETCATALOG_COMPILER_GENERATE_SWIFT_ASSET_SYMBOL_EXTENSIONS = YES;
				CLANG_ANALYZER_NONNULL = YES;
				CLANG_ANALYZER_NUMBER_OBJECT_CONVERSION = YES_AGGRESSIVE;
				CLANG_CXX_LANGUAGE_STANDARD = "gnu++20";
				CLANG_ENABLE_MODULES = YES;
				CLANG_ENABLE_OBJC_ARC = YES;
				CLANG_ENABLE_OBJC_WEAK = YES;
				CLANG_WARN_BLOCK_CAPTURE_AUTORELEASING = YES;
				CLANG_WARN_BOOL_CONVERSION = YES;
				CLANG_WARN_COMMA = YES;
				CLANG_WARN_CONSTANT_CONVERSION = YES;
				CLANG_WARN_DEPRECATED_OBJC_IMPLEMENTATIONS = YES;
				CLANG_WARN_DIRECT_OBJC_ISA_USAGE = YES_ERROR;
				CLANG_WARN_DOCUMENTATION_COMMENTS = YES;
				CLANG_WARN_EMPTY_BODY = YES;
				CLANG_WARN_ENUM_CONVERSION = YES;
				CLANG_WARN_INFINITE_RECURSION = YES;
				CLANG_WARN_INT_CONVERSION = YES;
				CLANG_WARN_NON_LITERAL_NULL_CONVERSION = YES;
				CLANG_WARN_OBJC_IMPLICIT_RETAIN_SELF = YES;
				CLANG_WARN_OBJC_LITERAL_CONVERSION = YES;
				CLANG_WARN_OBJC_ROOT_CLASS = YES_ERROR;
				CLANG_WARN_QUOTED_INCLUDE_IN_FRAMEWORK_HEADER = YES;
				CLANG_WARN_RANGE_LOOP_ANALYSIS = YES;
				CLANG_WARN_STRICT_PROTOTYPES = YES;
				CLANG_WARN_SUSPICIOUS_MOVE = YES;
				CLANG_WARN_UNGUARDED_AVAILABILITY = YES_AGGRESSIVE;
				CLANG_WARN_UNREACHABLE_CODE = YES;
				CLANG_WARN__DUPLICATE_METHOD_MATCH = YES;
				COPY_PHASE_STRIP = NO;
				DEBUG_INFORMATION_FORMAT = dwarf;
				ENABLE_STRICT_OBJC_MSGSEND = YES;
				ENABLE_TESTABILITY = YES;
				ENABLE_USER_SCRIPT_SANDBOXING = YES;
				GCC_C_LANGUAGE_STANDARD = gnu17;
				GCC_DYNAMIC_NO_PIC = NO;
				GCC_NO_COMMON_BLOCKS = YES;
				GCC_OPTIMIZATION_LEVEL = 0;
				GCC_PREPROCESSOR_DEFINITIONS = (
					"DEBUG=1",
					"$(inherited)",
				);
				GCC_WARN_64_TO_32_BIT_CONVERSION = YES;
				GCC_WARN_ABOUT_RETURN_TYPE = YES_ERROR;
				GCC_WARN_UNDECLARED_SELECTOR = YES;
				GCC_WARN_UNINITIALIZED_AUTOS = YES_AGGRESSIVE;
				GCC_WARN_UNUSED_FUNCTION = YES;
				GCC_WARN_UNUSED_VARIABLE = YES;
				IPHONEOS_DEPLOYMENT_TARGET = 17.5;
				LOCALIZATION_PREFERS_STRING_CATALOGS = YES;
				MTL_ENABLE_DEBUG_INFO = INCLUDE_SOURCE;
				MTL_FAST_MATH = YES;
				ONLY_ACTIVE_ARCH = YES;
				SDKROOT = iphoneos;
				SWIFT_ACTIVE_COMPILATION_CONDITIONS = "DEBUG $(inherited)";
				SWIFT_OPTIMIZATION_LEVEL = "-Onone";
			};
			name = Debug;
		};
		681043DE2C590AF700FE354C /* Release */ = {
			isa = XCBuildConfiguration;
			buildSettings = {
				ALWAYS_SEARCH_USER_PATHS = NO;
				ASSETCATALOG_COMPILER_GENERATE_SWIFT_ASSET_SYMBOL_EXTENSIONS = YES;
				CLANG_ANALYZER_NONNULL = YES;
				CLANG_ANALYZER_NUMBER_OBJECT_CONVERSION = YES_AGGRESSIVE;
				CLANG_CXX_LANGUAGE_STANDARD = "gnu++20";
				CLANG_ENABLE_MODULES = YES;
				CLANG_ENABLE_OBJC_ARC = YES;
				CLANG_ENABLE_OBJC_WEAK = YES;
				CLANG_WARN_BLOCK_CAPTURE_AUTORELEASING = YES;
				CLANG_WARN_BOOL_CONVERSION = YES;
				CLANG_WARN_COMMA = YES;
				CLANG_WARN_CONSTANT_CONVERSION = YES;
				CLANG_WARN_DEPRECATED_OBJC_IMPLEMENTATIONS = YES;
				CLANG_WARN_DIRECT_OBJC_ISA_USAGE = YES_ERROR;
				CLANG_WARN_DOCUMENTATION_COMMENTS = YES;
				CLANG_WARN_EMPTY_BODY = YES;
				CLANG_WARN_ENUM_CONVERSION = YES;
				CLANG_WARN_INFINITE_RECURSION = YES;
				CLANG_WARN_INT_CONVERSION = YES;
				CLANG_WARN_NON_LITERAL_NULL_CONVERSION = YES;
				CLANG_WARN_OBJC_IMPLICIT_RETAIN_SELF = YES;
				CLANG_WARN_OBJC_LITERAL_CONVERSION = YES;
				CLANG_WARN_OBJC_ROOT_CLASS = YES_ERROR;
				CLANG_WARN_QUOTED_INCLUDE_IN_FRAMEWORK_HEADER = YES;
				CLANG_WARN_RANGE_LOOP_ANALYSIS = YES;
				CLANG_WARN_STRICT_PROTOTYPES = YES;
				CLANG_WARN_SUSPICIOUS_MOVE = YES;
				CLANG_WARN_UNGUARDED_AVAILABILITY = YES_AGGRESSIVE;
				CLANG_WARN_UNREACHABLE_CODE = YES;
				CLANG_WARN__DUPLICATE_METHOD_MATCH = YES;
				COPY_PHASE_STRIP = NO;
				DEBUG_INFORMATION_FORMAT = "dwarf-with-dsym";
				ENABLE_NS_ASSERTIONS = NO;
				ENABLE_STRICT_OBJC_MSGSEND = YES;
				ENABLE_USER_SCRIPT_SANDBOXING = YES;
				GCC_C_LANGUAGE_STANDARD = gnu17;
				GCC_NO_COMMON_BLOCKS = YES;
				GCC_WARN_64_TO_32_BIT_CONVERSION = YES;
				GCC_WARN_ABOUT_RETURN_TYPE = YES_ERROR;
				GCC_WARN_UNDECLARED_SELECTOR = YES;
				GCC_WARN_UNINITIALIZED_AUTOS = YES_AGGRESSIVE;
				GCC_WARN_UNUSED_FUNCTION = YES;
				GCC_WARN_UNUSED_VARIABLE = YES;
				IPHONEOS_DEPLOYMENT_TARGET = 17.5;
				LOCALIZATION_PREFERS_STRING_CATALOGS = YES;
				MTL_ENABLE_DEBUG_INFO = NO;
				MTL_FAST_MATH = YES;
				SDKROOT = iphoneos;
				SWIFT_COMPILATION_MODE = wholemodule;
				VALIDATE_PRODUCT = YES;
			};
			name = Release;
		};
		681043E02C590AF700FE354C /* Debug */ = {
			isa = XCBuildConfiguration;
			buildSettings = {
				ASSETCATALOG_COMPILER_APPICON_NAME = AppIcon;
				ASSETCATALOG_COMPILER_GLOBAL_ACCENT_COLOR_NAME = AccentColor;
				CODE_SIGN_STYLE = Automatic;
				CURRENT_PROJECT_VERSION = 1;
				GENERATE_INFOPLIST_FILE = YES;
				INFOPLIST_FILE = PracticeRxSwift/Info.plist;
				INFOPLIST_KEY_UIApplicationSupportsIndirectInputEvents = YES;
				INFOPLIST_KEY_UILaunchStoryboardName = LaunchScreen;
				INFOPLIST_KEY_UISupportedInterfaceOrientations = UIInterfaceOrientationPortrait;
				INFOPLIST_KEY_UISupportedInterfaceOrientations_iPad = UIInterfaceOrientationPortrait;
				IPHONEOS_DEPLOYMENT_TARGET = 16.0;
				LD_RUNPATH_SEARCH_PATHS = (
					"$(inherited)",
					"@executable_path/Frameworks",
				);
				MARKETING_VERSION = 1.0;
				PRODUCT_BUNDLE_IDENTIFIER = YJ.PracticeRxSwift;
				PRODUCT_NAME = "$(TARGET_NAME)";
				SUPPORTED_PLATFORMS = "iphoneos iphonesimulator";
				SUPPORTS_MACCATALYST = NO;
				SUPPORTS_MAC_DESIGNED_FOR_IPHONE_IPAD = NO;
				SUPPORTS_XR_DESIGNED_FOR_IPHONE_IPAD = NO;
				SWIFT_EMIT_LOC_STRINGS = YES;
				SWIFT_VERSION = 5.0;
				TARGETED_DEVICE_FAMILY = 1;
			};
			name = Debug;
		};
		681043E12C590AF700FE354C /* Release */ = {
			isa = XCBuildConfiguration;
			buildSettings = {
				ASSETCATALOG_COMPILER_APPICON_NAME = AppIcon;
				ASSETCATALOG_COMPILER_GLOBAL_ACCENT_COLOR_NAME = AccentColor;
				CODE_SIGN_STYLE = Automatic;
				CURRENT_PROJECT_VERSION = 1;
				GENERATE_INFOPLIST_FILE = YES;
				INFOPLIST_FILE = PracticeRxSwift/Info.plist;
				INFOPLIST_KEY_UIApplicationSupportsIndirectInputEvents = YES;
				INFOPLIST_KEY_UILaunchStoryboardName = LaunchScreen;
				INFOPLIST_KEY_UISupportedInterfaceOrientations = UIInterfaceOrientationPortrait;
				INFOPLIST_KEY_UISupportedInterfaceOrientations_iPad = UIInterfaceOrientationPortrait;
				IPHONEOS_DEPLOYMENT_TARGET = 16.0;
				LD_RUNPATH_SEARCH_PATHS = (
					"$(inherited)",
					"@executable_path/Frameworks",
				);
				MARKETING_VERSION = 1.0;
				PRODUCT_BUNDLE_IDENTIFIER = YJ.PracticeRxSwift;
				PRODUCT_NAME = "$(TARGET_NAME)";
				SUPPORTED_PLATFORMS = "iphoneos iphonesimulator";
				SUPPORTS_MACCATALYST = NO;
				SUPPORTS_MAC_DESIGNED_FOR_IPHONE_IPAD = NO;
				SUPPORTS_XR_DESIGNED_FOR_IPHONE_IPAD = NO;
				SWIFT_EMIT_LOC_STRINGS = YES;
				SWIFT_VERSION = 5.0;
				TARGETED_DEVICE_FAMILY = 1;
			};
			name = Release;
		};
/* End XCBuildConfiguration section */

/* Begin XCConfigurationList section */
		681043C62C590AF600FE354C /* Build configuration list for PBXProject "PracticeRxSwift" */ = {
			isa = XCConfigurationList;
			buildConfigurations = (
				681043DD2C590AF700FE354C /* Debug */,
				681043DE2C590AF700FE354C /* Release */,
			);
			defaultConfigurationIsVisible = 0;
			defaultConfigurationName = Release;
		};
		681043DF2C590AF700FE354C /* Build configuration list for PBXNativeTarget "PracticeRxSwift" */ = {
			isa = XCConfigurationList;
			buildConfigurations = (
				681043E02C590AF700FE354C /* Debug */,
				681043E12C590AF700FE354C /* Release */,
			);
			defaultConfigurationIsVisible = 0;
			defaultConfigurationName = Release;
		};
/* End XCConfigurationList section */

/* Begin XCRemoteSwiftPackageReference section */
		681043E22C59355500FE354C /* XCRemoteSwiftPackageReference "RxSwift" */ = {
			isa = XCRemoteSwiftPackageReference;
			repositoryURL = "https://github.com/ReactiveX/RxSwift.git";
			requirement = {
				kind = upToNextMajorVersion;
				minimumVersion = 6.7.1;
			};
		};
		681043E72C59357E00FE354C /* XCRemoteSwiftPackageReference "SnapKit" */ = {
			isa = XCRemoteSwiftPackageReference;
			repositoryURL = "https://github.com/SnapKit/SnapKit.git";
			requirement = {
				kind = upToNextMajorVersion;
				minimumVersion = 5.7.1;
			};
		};
/* End XCRemoteSwiftPackageReference section */

/* Begin XCSwiftPackageProductDependency section */
		681043E32C59355500FE354C /* RxCocoa */ = {
			isa = XCSwiftPackageProductDependency;
			package = 681043E22C59355500FE354C /* XCRemoteSwiftPackageReference "RxSwift" */;
			productName = RxCocoa;
		};
		681043E52C59355500FE354C /* RxSwift */ = {
			isa = XCSwiftPackageProductDependency;
			package = 681043E22C59355500FE354C /* XCRemoteSwiftPackageReference "RxSwift" */;
			productName = RxSwift;
		};
		681043E82C59357E00FE354C /* SnapKit */ = {
			isa = XCSwiftPackageProductDependency;
			package = 681043E72C59357E00FE354C /* XCRemoteSwiftPackageReference "SnapKit" */;
			productName = SnapKit;
		};
/* End XCSwiftPackageProductDependency section */
	};
	rootObject = 681043C32C590AF600FE354C /* Project object */;
}
